
Microsoft Visual Studio Solution File, Format Version 12.00
# Visual Studio Version 16
VisualStudioVersion = 16.0.31729.503
MinimumVisualStudioVersion = 10.0.40219.1
Project("{FAE04EC0-301F-11D3-BF4B-00C04F79EFBC}") = "GlazeCalc", "GlazeCalc.csproj", "{032DD000-4FCE-48FF-B80F-659710BA2C93}"
EndProject
Global
	GlobalSection(SolutionConfigurationPlatforms) = preSolution
		Debug|Any CPU = Debug|Any CPU
		Release|Any CPU = Release|Any CPU
	EndGlobalSection
	GlobalSection(ProjectConfigurationPlatforms) = postSolution
		{032DD000-4FCE-48FF-B80F-659710BA2C93}.Debug|Any CPU.ActiveCfg = Debug|Any CPU
		{032DD000-4FCE-48FF-B80F-659710BA2C93}.Debug|Any CPU.Build.0 = Debug|Any CPU
		{032DD000-4FCE-48FF-B80F-659710BA2C93}.Release|Any CPU.ActiveCfg = Release|Any CPU
		{032DD000-4FCE-48FF-B80F-659710BA2C93}.Release|Any CPU.Build.0 = Release|Any CPU
	EndGlobalSection
	GlobalSection(SolutionProperties) = preSolution
		HideSolutionNode = FALSE
	EndGlobalSection
	GlobalSection(ExtensibilityGlobals) = postSolution
		SolutionGuid = {0BC69141-C437-4B8E-9FC8-06C64F6BE4A0}
	EndGlobalSection
EndGlobal
