
Microsoft Visual Studio Solution File, Format Version 12.00
# Visual Studio Version 16
VisualStudioVersion = 16.0.31729.503
MinimumVisualStudioVersion = 10.0.40219.1
Project("{FAE04EC0-301F-11D3-BF4B-00C04F79EFBC}") = "LearningMethods", "LearningMethods.csproj", "{B1072A9B-1C1A-44E9-8E99-3B47D11558B7}"
EndProject
Global
	GlobalSection(SolutionConfigurationPlatforms) = preSolution
		Debug|Any CPU = Debug|Any CPU
		Release|Any CPU = Release|Any CPU
	EndGlobalSection
	GlobalSection(ProjectConfigurationPlatforms) = postSolution
		{B1072A9B-1C1A-44E9-8E99-3B47D11558B7}.Debug|Any CPU.ActiveCfg = Debug|Any CPU
		{B1072A9B-1C1A-44E9-8E99-3B47D11558B7}.Debug|Any CPU.Build.0 = Debug|Any CPU
		{B1072A9B-1C1A-44E9-8E99-3B47D11558B7}.Release|Any CPU.ActiveCfg = Release|Any CPU
		{B1072A9B-1C1A-44E9-8E99-3B47D11558B7}.Release|Any CPU.Build.0 = Release|Any CPU
	EndGlobalSection
	GlobalSection(SolutionProperties) = preSolution
		HideSolutionNode = FALSE
	EndGlobalSection
	GlobalSection(ExtensibilityGlobals) = postSolution
		SolutionGuid = {054C7EFC-11AD-4337-8D5F-4C6C50141AC8}
	EndGlobalSection
EndGlobal
